
Microsoft Visual Studio Solution File, Format Version 12.00
# Visual Studio Version 17
VisualStudioVersion = 17.9.34714.143
MinimumVisualStudioVersion = 10.0.40219.1
Project("{FAE04EC0-301F-11D3-BF4B-00C04F79EFBC}") = "ASP.Net_MVC_Exercises", "ASP.Net_MVC_Exercises.csproj", "{13D5E933-0A26-4D48-B50F-AC12D52D9444}"
EndProject
Project("{FAE04EC0-301F-11D3-BF4B-00C04F79EFBC}") = "ASP.Net_MVC_Exercises.Tests", "..\ASP.Net_MVC_Exercises.Tests\ASP.Net_MVC_Exercises.Tests.csproj", "{1C8315EF-0502-4419-B82E-0A414EA3F5EA}"
EndProject
Global
	GlobalSection(SolutionConfigurationPlatforms) = preSolution
		Debug|Any CPU = Debug|Any CPU
		Release|Any CPU = Release|Any CPU
	EndGlobalSection
	GlobalSection(ProjectConfigurationPlatforms) = postSolution
		{13D5E933-0A26-4D48-B50F-AC12D52D9444}.Debug|Any CPU.ActiveCfg = Debug|Any CPU
		{13D5E933-0A26-4D48-B50F-AC12D52D9444}.Debug|Any CPU.Build.0 = Debug|Any CPU
		{13D5E933-0A26-4D48-B50F-AC12D52D9444}.Release|Any CPU.ActiveCfg = Release|Any CPU
		{13D5E933-0A26-4D48-B50F-AC12D52D9444}.Release|Any CPU.Build.0 = Release|Any CPU
		{1C8315EF-0502-4419-B82E-0A414EA3F5EA}.Debug|Any CPU.ActiveCfg = Debug|Any CPU
		{1C8315EF-0502-4419-B82E-0A414EA3F5EA}.Debug|Any CPU.Build.0 = Debug|Any CPU
		{1C8315EF-0502-4419-B82E-0A414EA3F5EA}.Release|Any CPU.ActiveCfg = Release|Any CPU
		{1C8315EF-0502-4419-B82E-0A414EA3F5EA}.Release|Any CPU.Build.0 = Release|Any CPU
	EndGlobalSection
	GlobalSection(SolutionProperties) = preSolution
		HideSolutionNode = FALSE
	EndGlobalSection
	GlobalSection(ExtensibilityGlobals) = postSolution
		SolutionGuid = {17928956-55CD-4D0F-A0F2-71A60D8FE0BF}
	EndGlobalSection
EndGlobal
